PODS:
  - Anchorage (4.5.0)
  - Kingfisher (4.10.1)
  - RxCocoa (6.5.0):
    - RxRelay (= 6.5.0)
    - RxSwift (= 6.5.0)
  - RxRelay (6.5.0):
    - RxSwift (= 6.5.0)
  - RxSwift (6.5.0)
  - SwiftLint (0.51.0)

DEPENDENCIES:
  - Anchorage
  - Kingfisher
  - RxCocoa
  - RxSwift
  - SwiftLint

SPEC REPOS:
  trunk:
    - Anchorage
    - Kingfisher
    - RxCocoa
    - RxRelay
    - RxSwift
    - SwiftLint

SPEC CHECKSUMS:
  Anchorage: 1961bc81c84aeed54ad7ffc697c50cd9de748ba6
  Kingfisher: c148cd7b47ebde9989f6bc7c27dcaa79d81279a0
  RxCocoa: 94f817b71c07517321eb4f9ad299112ca8af743b
  RxRelay: 1de1523e604c72b6c68feadedd1af3b1b4d0ecbd
  RxSwift: 5710a9e6b17f3c3d6e40d6e559b9fa1e813b2ef8
  SwiftLint: 1b7561918a19e23bfed960e40759086e70f4dba5

PODFILE CHECKSUM: 830173019755f8c7dcbe4dc6846c43982e1f45dc

COCOAPODS: 1.11.2
