// !$*UTF8*$!
{
	archiveVersion = 1;
	classes = {
	};
	objectVersion = 55;
	objects = {

/* Begin PBXBuildFile section */
		993AA1F9F07A3A8EF6B2A6D5 /* Pods_LegheFantaChallenge.framework in Frameworks */ = {isa = PBXBuildFile; fileRef = 03D94DC0F1C5A3288C2F009B /* Pods_LegheFantaChallenge.framework */; };
		FA14598A2AD977F500F5BF4E /* FootballPlayer.swift in Sources */ = {isa = PBXBuildFile; fileRef = FA1459892AD977F500F5BF4E /* FootballPlayer.swift */; };
		FA14598C2AD97A3300F5BF4E /* LegheFantaDTO.swift in Sources */ = {isa = PBXBuildFile; fileRef = FA14598B2AD97A3300F5BF4E /* LegheFantaDTO.swift */; };
		FA8F19812AD85C4000004C60 /* AppDelegate.swift in Sources */ = {isa = PBXBuildFile; fileRef = FA8F19802AD85C4000004C60 /* AppDelegate.swift */; };
		FA8F19832AD85C4000004C60 /* SceneDelegate.swift in Sources */ = {isa = PBXBuildFile; fileRef = FA8F19822AD85C4000004C60 /* SceneDelegate.swift */; };
		FA8F198A2AD85C4200004C60 /* Assets.xcassets in Resources */ = {isa = PBXBuildFile; fileRef = FA8F19892AD85C4200004C60 /* Assets.xcassets */; };
		FA8F198D2AD85C4200004C60 /* LaunchScreen.storyboard in Resources */ = {isa = PBXBuildFile; fileRef = FA8F198B2AD85C4200004C60 /* LaunchScreen.storyboard */; };
		FA8F19962AD85D0000004C60 /* Coordinator.swift in Sources */ = {isa = PBXBuildFile; fileRef = FA8F19952AD85D0000004C60 /* Coordinator.swift */; };
		FA8F199D2AD85E1A00004C60 /* MainCoordinator.swift in Sources */ = {isa = PBXBuildFile; fileRef = FA8F199C2AD85E1A00004C60 /* MainCoordinator.swift */; };
		FA8F19A72AD85F2700004C60 /* UIWindow+SwitchRootViewController.swift in Sources */ = {isa = PBXBuildFile; fileRef = FA8F19A62AD85F2700004C60 /* UIWindow+SwitchRootViewController.swift */; };
		FAAF40452AD87A0800A0BD19 /* FavouritePlayersViewController.swift in Sources */ = {isa = PBXBuildFile; fileRef = FAAF40422AD87A0800A0BD19 /* FavouritePlayersViewController.swift */; };
		FAAF40462AD87A0800A0BD19 /* FavouritePlayersView.swift in Sources */ = {isa = PBXBuildFile; fileRef = FAAF40432AD87A0800A0BD19 /* FavouritePlayersView.swift */; };
		FAAF40472AD87A0800A0BD19 /* FavouritePlayersViewModel.swift in Sources */ = {isa = PBXBuildFile; fileRef = FAAF40442AD87A0800A0BD19 /* FavouritePlayersViewModel.swift */; };
		FAAF404B2AD87A2300A0BD19 /* PlayersViewController.swift in Sources */ = {isa = PBXBuildFile; fileRef = FAAF40482AD87A2300A0BD19 /* PlayersViewController.swift */; };
		FAAF404C2AD87A2300A0BD19 /* PlayersView.swift in Sources */ = {isa = PBXBuildFile; fileRef = FAAF40492AD87A2300A0BD19 /* PlayersView.swift */; };
		FAAF404D2AD87A2300A0BD19 /* PlayersViewModel.swift in Sources */ = {isa = PBXBuildFile; fileRef = FAAF404A2AD87A2300A0BD19 /* PlayersViewModel.swift */; };
		FAAF40502AD8822D00A0BD19 /* Colors.swift in Sources */ = {isa = PBXBuildFile; fileRef = FAAF404F2AD8822D00A0BD19 /* Colors.swift */; };
		FAAF40532AD882BC00A0BD19 /* UIColor+hex.swift in Sources */ = {isa = PBXBuildFile; fileRef = FAAF40522AD882BC00A0BD19 /* UIColor+hex.swift */; };
		FAAF40552AD886F300A0BD19 /* LegheFantaChallengeTabBarController.swift in Sources */ = {isa = PBXBuildFile; fileRef = FAAF40542AD886F300A0BD19 /* LegheFantaChallengeTabBarController.swift */; };
		FAAF40572AD89BA900A0BD19 /* LegheFantaChallengeNavigationController.swift in Sources */ = {isa = PBXBuildFile; fileRef = FAAF40562AD89BA900A0BD19 /* LegheFantaChallengeNavigationController.swift */; };
		FAEB165A2AD9A66C0048A967 /* UICollectionView+register.swift in Sources */ = {isa = PBXBuildFile; fileRef = FAEB16592AD9A66C0048A967 /* UICollectionView+register.swift */; };
		FAEB165C2AD9A70C0048A967 /* Reusable.swift in Sources */ = {isa = PBXBuildFile; fileRef = FAEB165B2AD9A70C0048A967 /* Reusable.swift */; };
		FAEB165F2AD9A76C0048A967 /* FootballPlayerCollectionViewCell.swift in Sources */ = {isa = PBXBuildFile; fileRef = FAEB165E2AD9A76C0048A967 /* FootballPlayerCollectionViewCell.swift */; };
/* End PBXBuildFile section */

/* Begin PBXFileReference section */
		03D94DC0F1C5A3288C2F009B /* Pods_LegheFantaChallenge.framework */ = {isa = PBXFileReference; explicitFileType = wrapper.framework; includeInIndex = 0; path = Pods_LegheFantaChallenge.framework; sourceTree = BUILT_PRODUCTS_DIR; };
		0D2376E503157C7DC4D3663A /* Pods-LegheFantaChallenge.debug.xcconfig */ = {isa = PBXFileReference; includeInIndex = 1; lastKnownFileType = text.xcconfig; name = "Pods-LegheFantaChallenge.debug.xcconfig"; path = "Target Support Files/Pods-LegheFantaChallenge/Pods-LegheFantaChallenge.debug.xcconfig"; sourceTree = "<group>"; };
		838FE4C827194E102E34C597 /* Pods-LegheFantaChallenge.release.xcconfig */ = {isa = PBXFileReference; includeInIndex = 1; lastKnownFileType = text.xcconfig; name = "Pods-LegheFantaChallenge.release.xcconfig"; path = "Target Support Files/Pods-LegheFantaChallenge/Pods-LegheFantaChallenge.release.xcconfig"; sourceTree = "<group>"; };
		FA1459892AD977F500F5BF4E /* FootballPlayer.swift */ = {isa = PBXFileReference; lastKnownFileType = sourcecode.swift; path = FootballPlayer.swift; sourceTree = "<group>"; };
		FA14598B2AD97A3300F5BF4E /* LegheFantaDTO.swift */ = {isa = PBXFileReference; lastKnownFileType = sourcecode.swift; path = LegheFantaDTO.swift; sourceTree = "<group>"; };
		FA8F197D2AD85C4000004C60 /* LegheFantaChallenge.app */ = {isa = PBXFileReference; explicitFileType = wrapper.application; includeInIndex = 0; path = LegheFantaChallenge.app; sourceTree = BUILT_PRODUCTS_DIR; };
		FA8F19802AD85C4000004C60 /* AppDelegate.swift */ = {isa = PBXFileReference; lastKnownFileType = sourcecode.swift; path = AppDelegate.swift; sourceTree = "<group>"; };
		FA8F19822AD85C4000004C60 /* SceneDelegate.swift */ = {isa = PBXFileReference; lastKnownFileType = sourcecode.swift; path = SceneDelegate.swift; sourceTree = "<group>"; };
		FA8F19892AD85C4200004C60 /* Assets.xcassets */ = {isa = PBXFileReference; lastKnownFileType = folder.assetcatalog; path = Assets.xcassets; sourceTree = "<group>"; };
		FA8F198C2AD85C4200004C60 /* Base */ = {isa = PBXFileReference; lastKnownFileType = file.storyboard; name = Base; path = Base.lproj/LaunchScreen.storyboard; sourceTree = "<group>"; };
		FA8F198E2AD85C4200004C60 /* Info.plist */ = {isa = PBXFileReference; lastKnownFileType = text.plist.xml; path = Info.plist; sourceTree = "<group>"; };
		FA8F19952AD85D0000004C60 /* Coordinator.swift */ = {isa = PBXFileReference; lastKnownFileType = sourcecode.swift; path = Coordinator.swift; sourceTree = "<group>"; };
		FA8F199C2AD85E1A00004C60 /* MainCoordinator.swift */ = {isa = PBXFileReference; lastKnownFileType = sourcecode.swift; path = MainCoordinator.swift; sourceTree = "<group>"; };
		FA8F19A62AD85F2700004C60 /* UIWindow+SwitchRootViewController.swift */ = {isa = PBXFileReference; lastKnownFileType = sourcecode.swift; path = "UIWindow+SwitchRootViewController.swift"; sourceTree = "<group>"; };
		FAAF40422AD87A0800A0BD19 /* FavouritePlayersViewController.swift */ = {isa = PBXFileReference; lastKnownFileType = sourcecode.swift; path = FavouritePlayersViewController.swift; sourceTree = "<group>"; };
		FAAF40432AD87A0800A0BD19 /* FavouritePlayersView.swift */ = {isa = PBXFileReference; lastKnownFileType = sourcecode.swift; path = FavouritePlayersView.swift; sourceTree = "<group>"; };
		FAAF40442AD87A0800A0BD19 /* FavouritePlayersViewModel.swift */ = {isa = PBXFileReference; lastKnownFileType = sourcecode.swift; path = FavouritePlayersViewModel.swift; sourceTree = "<group>"; };
		FAAF40482AD87A2300A0BD19 /* PlayersViewController.swift */ = {isa = PBXFileReference; lastKnownFileType = sourcecode.swift; path = PlayersViewController.swift; sourceTree = "<group>"; };
		FAAF40492AD87A2300A0BD19 /* PlayersView.swift */ = {isa = PBXFileReference; lastKnownFileType = sourcecode.swift; path = PlayersView.swift; sourceTree = "<group>"; };
		FAAF404A2AD87A2300A0BD19 /* PlayersViewModel.swift */ = {isa = PBXFileReference; lastKnownFileType = sourcecode.swift; path = PlayersViewModel.swift; sourceTree = "<group>"; };
		FAAF404F2AD8822D00A0BD19 /* Colors.swift */ = {isa = PBXFileReference; lastKnownFileType = sourcecode.swift; path = Colors.swift; sourceTree = "<group>"; };
		FAAF40522AD882BC00A0BD19 /* UIColor+hex.swift */ = {isa = PBXFileReference; lastKnownFileType = sourcecode.swift; path = "UIColor+hex.swift"; sourceTree = "<group>"; };
		FAAF40542AD886F300A0BD19 /* LegheFantaChallengeTabBarController.swift */ = {isa = PBXFileReference; lastKnownFileType = sourcecode.swift; path = LegheFantaChallengeTabBarController.swift; sourceTree = "<group>"; };
		FAAF40562AD89BA900A0BD19 /* LegheFantaChallengeNavigationController.swift */ = {isa = PBXFileReference; lastKnownFileType = sourcecode.swift; path = LegheFantaChallengeNavigationController.swift; sourceTree = "<group>"; };
		FAEB16592AD9A66C0048A967 /* UICollectionView+register.swift */ = {isa = PBXFileReference; lastKnownFileType = sourcecode.swift; path = "UICollectionView+register.swift"; sourceTree = "<group>"; };
		FAEB165B2AD9A70C0048A967 /* Reusable.swift */ = {isa = PBXFileReference; lastKnownFileType = sourcecode.swift; path = Reusable.swift; sourceTree = "<group>"; };
		FAEB165E2AD9A76C0048A967 /* FootballPlayerCollectionViewCell.swift */ = {isa = PBXFileReference; lastKnownFileType = sourcecode.swift; path = FootballPlayerCollectionViewCell.swift; sourceTree = "<group>"; };
/* End PBXFileReference section */

/* Begin PBXFrameworksBuildPhase section */
		FA8F197A2AD85C4000004C60 /* Frameworks */ = {
			isa = PBXFrameworksBuildPhase;
			buildActionMask = 2147483647;
			files = (
				993AA1F9F07A3A8EF6B2A6D5 /* Pods_LegheFantaChallenge.framework in Frameworks */,
			);
			runOnlyForDeploymentPostprocessing = 0;
		};
/* End PBXFrameworksBuildPhase section */

/* Begin PBXGroup section */
		2A5291C9D32E03C0446BBECF /* Frameworks */ = {
			isa = PBXGroup;
			children = (
				03D94DC0F1C5A3288C2F009B /* Pods_LegheFantaChallenge.framework */,
			);
			name = Frameworks;
			sourceTree = "<group>";
		};
		F6549EECD0C0C1AF4C0381CE /* Pods */ = {
			isa = PBXGroup;
			children = (
				0D2376E503157C7DC4D3663A /* Pods-LegheFantaChallenge.debug.xcconfig */,
				838FE4C827194E102E34C597 /* Pods-LegheFantaChallenge.release.xcconfig */,
			);
			path = Pods;
			sourceTree = "<group>";
		};
		FA1459882AD977E000F5BF4E /* Models */ = {
			isa = PBXGroup;
			children = (
				FA1459892AD977F500F5BF4E /* FootballPlayer.swift */,
			);
			path = Models;
			sourceTree = "<group>";
		};
		FA8F19742AD85C4000004C60 = {
			isa = PBXGroup;
			children = (
				FA8F197F2AD85C4000004C60 /* LegheFantaChallenge */,
				FA8F197E2AD85C4000004C60 /* Products */,
				F6549EECD0C0C1AF4C0381CE /* Pods */,
				2A5291C9D32E03C0446BBECF /* Frameworks */,
			);
			sourceTree = "<group>";
		};
		FA8F197E2AD85C4000004C60 /* Products */ = {
			isa = PBXGroup;
			children = (
				FA8F197D2AD85C4000004C60 /* LegheFantaChallenge.app */,
			);
			name = Products;
			sourceTree = "<group>";
		};
		FA8F197F2AD85C4000004C60 /* LegheFantaChallenge */ = {
			isa = PBXGroup;
			children = (
				FA1459882AD977E000F5BF4E /* Models */,
				FAAF404E2AD8821800A0BD19 /* AppStyle */,
				FA8F199A2AD85DFA00004C60 /* Scenes */,
				FA8F19982AD85D8300004C60 /* App */,
				FA8F19972AD85D4300004C60 /* Infrastructure */,
				FA8F19992AD85DBF00004C60 /* Resources */,
			);
			path = LegheFantaChallenge;
			sourceTree = "<group>";
		};
		FA8F19942AD85CF400004C60 /* Protocols */ = {
			isa = PBXGroup;
			children = (
				FA8F19952AD85D0000004C60 /* Coordinator.swift */,
				FA14598B2AD97A3300F5BF4E /* LegheFantaDTO.swift */,
				FAEB165B2AD9A70C0048A967 /* Reusable.swift */,
			);
			path = Protocols;
			sourceTree = "<group>";
		};
		FA8F19972AD85D4300004C60 /* Infrastructure */ = {
			isa = PBXGroup;
			children = (
				FA8F19A42AD85F0E00004C60 /* Extensions */,
				FA8F19942AD85CF400004C60 /* Protocols */,
			);
			path = Infrastructure;
			sourceTree = "<group>";
		};
		FA8F19982AD85D8300004C60 /* App */ = {
			isa = PBXGroup;
			children = (
				FA8F19802AD85C4000004C60 /* AppDelegate.swift */,
				FA8F19822AD85C4000004C60 /* SceneDelegate.swift */,
				FA8F198B2AD85C4200004C60 /* LaunchScreen.storyboard */,
				FA8F198E2AD85C4200004C60 /* Info.plist */,
			);
			path = App;
			sourceTree = "<group>";
		};
		FA8F19992AD85DBF00004C60 /* Resources */ = {
			isa = PBXGroup;
			children = (
				FA8F19892AD85C4200004C60 /* Assets.xcassets */,
			);
			path = Resources;
			sourceTree = "<group>";
		};
		FA8F199A2AD85DFA00004C60 /* Scenes */ = {
			isa = PBXGroup;
			children = (
				FA8F199B2AD85E0500004C60 /* MainFlow */,
			);
			path = Scenes;
			sourceTree = "<group>";
		};
		FA8F199B2AD85E0500004C60 /* MainFlow */ = {
			isa = PBXGroup;
			children = (
				FA8F19A12AD85E7000004C60 /* FavouritePlayersViewController */,
				FA8F19A02AD85E6600004C60 /* PlayersViewController */,
				FA8F199C2AD85E1A00004C60 /* MainCoordinator.swift */,
			);
			path = MainFlow;
			sourceTree = "<group>";
		};
		FA8F19A02AD85E6600004C60 /* PlayersViewController */ = {
			isa = PBXGroup;
			children = (
				FAEB165D2AD9A75B0048A967 /* Views */,
				FAAF40482AD87A2300A0BD19 /* PlayersViewController.swift */,
				FAAF40492AD87A2300A0BD19 /* PlayersView.swift */,
				FAAF404A2AD87A2300A0BD19 /* PlayersViewModel.swift */,
			);
			path = PlayersViewController;
			sourceTree = "<group>";
		};
		FA8F19A12AD85E7000004C60 /* FavouritePlayersViewController */ = {
			isa = PBXGroup;
			children = (
				FAAF40422AD87A0800A0BD19 /* FavouritePlayersViewController.swift */,
				FAAF40432AD87A0800A0BD19 /* FavouritePlayersView.swift */,
				FAAF40442AD87A0800A0BD19 /* FavouritePlayersViewModel.swift */,
			);
			path = FavouritePlayersViewController;
			sourceTree = "<group>";
		};
		FA8F19A42AD85F0E00004C60 /* Extensions */ = {
			isa = PBXGroup;
			children = (
				FAEB16582AD9A65B0048A967 /* UICollectionView */,
				FAAF40512AD882AE00A0BD19 /* UIColor */,
				FA8F19A52AD85F1700004C60 /* UIWindow */,
			);
			path = Extensions;
			sourceTree = "<group>";
		};
		FA8F19A52AD85F1700004C60 /* UIWindow */ = {
			isa = PBXGroup;
			children = (
				FA8F19A62AD85F2700004C60 /* UIWindow+SwitchRootViewController.swift */,
			);
			path = UIWindow;
			sourceTree = "<group>";
		};
		FAAF404E2AD8821800A0BD19 /* AppStyle */ = {
			isa = PBXGroup;
			children = (
				FAAF404F2AD8822D00A0BD19 /* Colors.swift */,
				FAAF40542AD886F300A0BD19 /* LegheFantaChallengeTabBarController.swift */,
				FAAF40562AD89BA900A0BD19 /* LegheFantaChallengeNavigationController.swift */,
			);
			path = AppStyle;
			sourceTree = "<group>";
		};
		FAAF40512AD882AE00A0BD19 /* UIColor */ = {
			isa = PBXGroup;
			children = (
				FAAF40522AD882BC00A0BD19 /* UIColor+hex.swift */,
			);
			path = UIColor;
			sourceTree = "<group>";
		};
		FAEB16582AD9A65B0048A967 /* UICollectionView */ = {
			isa = PBXGroup;
			children = (
				FAEB16592AD9A66C0048A967 /* UICollectionView+register.swift */,
			);
			path = UICollectionView;
			sourceTree = "<group>";
		};
		FAEB165D2AD9A75B0048A967 /* Views */ = {
			isa = PBXGroup;
			children = (
				FAEB165E2AD9A76C0048A967 /* FootballPlayerCollectionViewCell.swift */,
			);
			path = Views;
			sourceTree = "<group>";
		};
/* End PBXGroup section */

/* Begin PBXNativeTarget section */
		FA8F197C2AD85C4000004C60 /* LegheFantaChallenge */ = {
			isa = PBXNativeTarget;
			buildConfigurationList = FA8F19912AD85C4200004C60 /* Build configuration list for PBXNativeTarget "LegheFantaChallenge" */;
			buildPhases = (
				6EDA032AD181BA679D28E51F /* [CP] Check Pods Manifest.lock */,
				FA8F19792AD85C4000004C60 /* Sources */,
				FA8F197A2AD85C4000004C60 /* Frameworks */,
				FA8F197B2AD85C4000004C60 /* Resources */,
				C87D9CCDA06975B9F36C8266 /* [CP] Embed Pods Frameworks */,
			);
			buildRules = (
			);
			dependencies = (
			);
			name = LegheFantaChallenge;
			productName = LegheFantaChallenge;
			productReference = FA8F197D2AD85C4000004C60 /* LegheFantaChallenge.app */;
			productType = "com.apple.product-type.application";
		};
/* End PBXNativeTarget section */

/* Begin PBXProject section */
		FA8F19752AD85C4000004C60 /* Project object */ = {
			isa = PBXProject;
			attributes = {
				BuildIndependentTargetsInParallel = 1;
				LastSwiftUpdateCheck = 1430;
				LastUpgradeCheck = 1430;
				TargetAttributes = {
					FA8F197C2AD85C4000004C60 = {
						CreatedOnToolsVersion = 14.3.1;
					};
				};
			};
			buildConfigurationList = FA8F19782AD85C4000004C60 /* Build configuration list for PBXProject "LegheFantaChallenge" */;
			compatibilityVersion = "Xcode 13.0";
			developmentRegion = en;
			hasScannedForEncodings = 0;
			knownRegions = (
				en,
				Base,
			);
			mainGroup = FA8F19742AD85C4000004C60;
			productRefGroup = FA8F197E2AD85C4000004C60 /* Products */;
			projectDirPath = "";
			projectRoot = "";
			targets = (
				FA8F197C2AD85C4000004C60 /* LegheFantaChallenge */,
			);
		};
/* End PBXProject section */

/* Begin PBXResourcesBuildPhase section */
		FA8F197B2AD85C4000004C60 /* Resources */ = {
			isa = PBXResourcesBuildPhase;
			buildActionMask = 2147483647;
			files = (
				FA8F198D2AD85C4200004C60 /* LaunchScreen.storyboard in Resources */,
				FA8F198A2AD85C4200004C60 /* Assets.xcassets in Resources */,
			);
			runOnlyForDeploymentPostprocessing = 0;
		};
/* End PBXResourcesBuildPhase section */

/* Begin PBXShellScriptBuildPhase section */
		6EDA032AD181BA679D28E51F /* [CP] Check Pods Manifest.lock */ = {
			isa = PBXShellScriptBuildPhase;
			buildActionMask = 2147483647;
			files = (
			);
			inputFileListPaths = (
			);
			inputPaths = (
				"${PODS_PODFILE_DIR_PATH}/Podfile.lock",
				"${PODS_ROOT}/Manifest.lock",
			);
			name = "[CP] Check Pods Manifest.lock";
			outputFileListPaths = (
			);
			outputPaths = (
				"$(DERIVED_FILE_DIR)/Pods-LegheFantaChallenge-checkManifestLockResult.txt",
			);
			runOnlyForDeploymentPostprocessing = 0;
			shellPath = /bin/sh;
			shellScript = "diff \"${PODS_PODFILE_DIR_PATH}/Podfile.lock\" \"${PODS_ROOT}/Manifest.lock\" > /dev/null\nif [ $? != 0 ] ; then\n    # print error to STDERR\n    echo \"error: The sandbox is not in sync with the Podfile.lock. Run 'pod install' or update your CocoaPods installation.\" >&2\n    exit 1\nfi\n# This output is used by Xcode 'outputs' to avoid re-running this script phase.\necho \"SUCCESS\" > \"${SCRIPT_OUTPUT_FILE_0}\"\n";
			showEnvVarsInLog = 0;
		};
		C87D9CCDA06975B9F36C8266 /* [CP] Embed Pods Frameworks */ = {
			isa = PBXShellScriptBuildPhase;
			buildActionMask = 2147483647;
			files = (
			);
			inputFileListPaths = (
				"${PODS_ROOT}/Target Support Files/Pods-LegheFantaChallenge/Pods-LegheFantaChallenge-frameworks-${CONFIGURATION}-input-files.xcfilelist",
			);
			name = "[CP] Embed Pods Frameworks";
			outputFileListPaths = (
				"${PODS_ROOT}/Target Support Files/Pods-LegheFantaChallenge/Pods-LegheFantaChallenge-frameworks-${CONFIGURATION}-output-files.xcfilelist",
			);
			runOnlyForDeploymentPostprocessing = 0;
			shellPath = /bin/sh;
			shellScript = "\"${PODS_ROOT}/Target Support Files/Pods-LegheFantaChallenge/Pods-LegheFantaChallenge-frameworks.sh\"\n";
			showEnvVarsInLog = 0;
		};
/* End PBXShellScriptBuildPhase section */

/* Begin PBXSourcesBuildPhase section */
		FA8F19792AD85C4000004C60 /* Sources */ = {
			isa = PBXSourcesBuildPhase;
			buildActionMask = 2147483647;
			files = (
				FA8F19A72AD85F2700004C60 /* UIWindow+SwitchRootViewController.swift in Sources */,
				FAAF40502AD8822D00A0BD19 /* Colors.swift in Sources */,
				FAAF40462AD87A0800A0BD19 /* FavouritePlayersView.swift in Sources */,
				FAEB165A2AD9A66C0048A967 /* UICollectionView+register.swift in Sources */,
				FAAF40452AD87A0800A0BD19 /* FavouritePlayersViewController.swift in Sources */,
				FAAF404D2AD87A2300A0BD19 /* PlayersViewModel.swift in Sources */,
				FAAF40472AD87A0800A0BD19 /* FavouritePlayersViewModel.swift in Sources */,
				FA8F19962AD85D0000004C60 /* Coordinator.swift in Sources */,
				FAAF404C2AD87A2300A0BD19 /* PlayersView.swift in Sources */,
				FA8F19812AD85C4000004C60 /* AppDelegate.swift in Sources */,
				FA8F199D2AD85E1A00004C60 /* MainCoordinator.swift in Sources */,
				FA14598C2AD97A3300F5BF4E /* LegheFantaDTO.swift in Sources */,
				FAEB165F2AD9A76C0048A967 /* FootballPlayerCollectionViewCell.swift in Sources */,
				FAAF40552AD886F300A0BD19 /* LegheFantaChallengeTabBarController.swift in Sources */,
				FA8F19832AD85C4000004C60 /* SceneDelegate.swift in Sources */,
				FAAF404B2AD87A2300A0BD19 /* PlayersViewController.swift in Sources */,
				FAAF40532AD882BC00A0BD19 /* UIColor+hex.swift in Sources */,
				FAEB165C2AD9A70C0048A967 /* Reusable.swift in Sources */,
				FAAF40572AD89BA900A0BD19 /* LegheFantaChallengeNavigationController.swift in Sources */,
				FA14598A2AD977F500F5BF4E /* FootballPlayer.swift in Sources */,
			);
			runOnlyForDeploymentPostprocessing = 0;
		};
/* End PBXSourcesBuildPhase section */

/* Begin PBXVariantGroup section */
		FA8F198B2AD85C4200004C60 /* LaunchScreen.storyboard */ = {
			isa = PBXVariantGroup;
			children = (
				FA8F198C2AD85C4200004C60 /* Base */,
			);
			name = LaunchScreen.storyboard;
			sourceTree = "<group>";
		};
/* End PBXVariantGroup section */

/* Begin XCBuildConfiguration section */
		FA8F198F2AD85C4200004C60 /* Debug */ = {
			isa = XCBuildConfiguration;
			buildSettings = {
				ALWAYS_SEARCH_USER_PATHS = NO;
				CLANG_ANALYZER_NONNULL = YES;
				CLANG_ANALYZER_NUMBER_OBJECT_CONVERSION = YES_AGGRESSIVE;
				CLANG_CXX_LANGUAGE_STANDARD = "gnu++20";
				CLANG_ENABLE_MODULES = YES;
				CLANG_ENABLE_OBJC_ARC = YES;
				CLANG_ENABLE_OBJC_WEAK = YES;
				CLANG_WARN_BLOCK_CAPTURE_AUTORELEASING = YES;
				CLANG_WARN_BOOL_CONVERSION = YES;
				CLANG_WARN_COMMA = YES;
				CLANG_WARN_CONSTANT_CONVERSION = YES;
				CLANG_WARN_DEPRECATED_OBJC_IMPLEMENTATIONS = YES;
				CLANG_WARN_DIRECT_OBJC_ISA_USAGE = YES_ERROR;
				CLANG_WARN_DOCUMENTATION_COMMENTS = YES;
				CLANG_WARN_EMPTY_BODY = YES;
				CLANG_WARN_ENUM_CONVERSION = YES;
				CLANG_WARN_INFINITE_RECURSION = YES;
				CLANG_WARN_INT_CONVERSION = YES;
				CLANG_WARN_NON_LITERAL_NULL_CONVERSION = YES;
				CLANG_WARN_OBJC_IMPLICIT_RETAIN_SELF = YES;
				CLANG_WARN_OBJC_LITERAL_CONVERSION = YES;
				CLANG_WARN_OBJC_ROOT_CLASS = YES_ERROR;
				CLANG_WARN_QUOTED_INCLUDE_IN_FRAMEWORK_HEADER = YES;
				CLANG_WARN_RANGE_LOOP_ANALYSIS = YES;
				CLANG_WARN_STRICT_PROTOTYPES = YES;
				CLANG_WARN_SUSPICIOUS_MOVE = YES;
				CLANG_WARN_UNGUARDED_AVAILABILITY = YES_AGGRESSIVE;
				CLANG_WARN_UNREACHABLE_CODE = YES;
				CLANG_WARN__DUPLICATE_METHOD_MATCH = YES;
				COPY_PHASE_STRIP = NO;
				DEBUG_INFORMATION_FORMAT = dwarf;
				ENABLE_STRICT_OBJC_MSGSEND = YES;
				ENABLE_TESTABILITY = YES;
				GCC_C_LANGUAGE_STANDARD = gnu11;
				GCC_DYNAMIC_NO_PIC = NO;
				GCC_NO_COMMON_BLOCKS = YES;
				GCC_OPTIMIZATION_LEVEL = 0;
				GCC_PREPROCESSOR_DEFINITIONS = (
					"DEBUG=1",
					"$(inherited)",
				);
				GCC_WARN_64_TO_32_BIT_CONVERSION = YES;
				GCC_WARN_ABOUT_RETURN_TYPE = YES_ERROR;
				GCC_WARN_UNDECLARED_SELECTOR = YES;
				GCC_WARN_UNINITIALIZED_AUTOS = YES_AGGRESSIVE;
				GCC_WARN_UNUSED_FUNCTION = YES;
				GCC_WARN_UNUSED_VARIABLE = YES;
				IPHONEOS_DEPLOYMENT_TARGET = 16.4;
				MTL_ENABLE_DEBUG_INFO = INCLUDE_SOURCE;
				MTL_FAST_MATH = YES;
				ONLY_ACTIVE_ARCH = YES;
				SDKROOT = iphoneos;
				SWIFT_ACTIVE_COMPILATION_CONDITIONS = DEBUG;
				SWIFT_OPTIMIZATION_LEVEL = "-Onone";
			};
			name = Debug;
		};
		FA8F19902AD85C4200004C60 /* Release */ = {
			isa = XCBuildConfiguration;
			buildSettings = {
				ALWAYS_SEARCH_USER_PATHS = NO;
				CLANG_ANALYZER_NONNULL = YES;
				CLANG_ANALYZER_NUMBER_OBJECT_CONVERSION = YES_AGGRESSIVE;
				CLANG_CXX_LANGUAGE_STANDARD = "gnu++20";
				CLANG_ENABLE_MODULES = YES;
				CLANG_ENABLE_OBJC_ARC = YES;
				CLANG_ENABLE_OBJC_WEAK = YES;
				CLANG_WARN_BLOCK_CAPTURE_AUTORELEASING = YES;
				CLANG_WARN_BOOL_CONVERSION = YES;
				CLANG_WARN_COMMA = YES;
				CLANG_WARN_CONSTANT_CONVERSION = YES;
				CLANG_WARN_DEPRECATED_OBJC_IMPLEMENTATIONS = YES;
				CLANG_WARN_DIRECT_OBJC_ISA_USAGE = YES_ERROR;
				CLANG_WARN_DOCUMENTATION_COMMENTS = YES;
				CLANG_WARN_EMPTY_BODY = YES;
				CLANG_WARN_ENUM_CONVERSION = YES;
				CLANG_WARN_INFINITE_RECURSION = YES;
				CLANG_WARN_INT_CONVERSION = YES;
				CLANG_WARN_NON_LITERAL_NULL_CONVERSION = YES;
				CLANG_WARN_OBJC_IMPLICIT_RETAIN_SELF = YES;
				CLANG_WARN_OBJC_LITERAL_CONVERSION = YES;
				CLANG_WARN_OBJC_ROOT_CLASS = YES_ERROR;
				CLANG_WARN_QUOTED_INCLUDE_IN_FRAMEWORK_HEADER = YES;
				CLANG_WARN_RANGE_LOOP_ANALYSIS = YES;
				CLANG_WARN_STRICT_PROTOTYPES = YES;
				CLANG_WARN_SUSPICIOUS_MOVE = YES;
				CLANG_WARN_UNGUARDED_AVAILABILITY = YES_AGGRESSIVE;
				CLANG_WARN_UNREACHABLE_CODE = YES;
				CLANG_WARN__DUPLICATE_METHOD_MATCH = YES;
				COPY_PHASE_STRIP = NO;
				DEBUG_INFORMATION_FORMAT = "dwarf-with-dsym";
				ENABLE_NS_ASSERTIONS = NO;
				ENABLE_STRICT_OBJC_MSGSEND = YES;
				GCC_C_LANGUAGE_STANDARD = gnu11;
				GCC_NO_COMMON_BLOCKS = YES;
				GCC_WARN_64_TO_32_BIT_CONVERSION = YES;
				GCC_WARN_ABOUT_RETURN_TYPE = YES_ERROR;
				GCC_WARN_UNDECLARED_SELECTOR = YES;
				GCC_WARN_UNINITIALIZED_AUTOS = YES_AGGRESSIVE;
				GCC_WARN_UNUSED_FUNCTION = YES;
				GCC_WARN_UNUSED_VARIABLE = YES;
				IPHONEOS_DEPLOYMENT_TARGET = 16.4;
				MTL_ENABLE_DEBUG_INFO = NO;
				MTL_FAST_MATH = YES;
				SDKROOT = iphoneos;
				SWIFT_COMPILATION_MODE = wholemodule;
				SWIFT_OPTIMIZATION_LEVEL = "-O";
				VALIDATE_PRODUCT = YES;
			};
			name = Release;
		};
		FA8F19922AD85C4200004C60 /* Debug */ = {
			isa = XCBuildConfiguration;
			baseConfigurationReference = 0D2376E503157C7DC4D3663A /* Pods-LegheFantaChallenge.debug.xcconfig */;
			buildSettings = {
				ASSETCATALOG_COMPILER_APPICON_NAME = AppIcon;
				ASSETCATALOG_COMPILER_GLOBAL_ACCENT_COLOR_NAME = AccentColor;
				CODE_SIGN_STYLE = Automatic;
				CURRENT_PROJECT_VERSION = 1;
				DEVELOPMENT_TEAM = 2ZG6287PXY;
				GENERATE_INFOPLIST_FILE = YES;
				INFOPLIST_FILE = LegheFantaChallenge/Info.plist;
				INFOPLIST_KEY_CFBundleDisplayName = LegheFantaChallenge;
				INFOPLIST_KEY_UIApplicationSupportsIndirectInputEvents = YES;
				INFOPLIST_KEY_UILaunchStoryboardName = /App/LaunchScreen;
				INFOPLIST_KEY_UISupportedInterfaceOrientations = UIInterfaceOrientationPortrait;
				INFOPLIST_KEY_UISupportedInterfaceOrientations_iPad = "UIInterfaceOrientationLandscapeLeft UIInterfaceOrientationLandscapeRight UIInterfaceOrientationPortrait UIInterfaceOrientationPortraitUpsideDown";
				IPHONEOS_DEPLOYMENT_TARGET = 14.0;
				LD_RUNPATH_SEARCH_PATHS = (
					"$(inherited)",
					"@executable_path/Frameworks",
				);
				MARKETING_VERSION = 1.0;
				PRODUCT_BUNDLE_IDENTIFIER = com.Challenge.LegheFantaChallenge;
				PRODUCT_NAME = "$(TARGET_NAME)";
				SUPPORTED_PLATFORMS = "iphoneos iphonesimulator";
				SUPPORTS_MACCATALYST = NO;
				SUPPORTS_MAC_DESIGNED_FOR_IPHONE_IPAD = NO;
				SWIFT_EMIT_LOC_STRINGS = YES;
				SWIFT_VERSION = 5.0;
				TARGETED_DEVICE_FAMILY = 1;
			};
			name = Debug;
		};
		FA8F19932AD85C4200004C60 /* Release */ = {
			isa = XCBuildConfiguration;
			baseConfigurationReference = 838FE4C827194E102E34C597 /* Pods-LegheFantaChallenge.release.xcconfig */;
			buildSettings = {
				ASSETCATALOG_COMPILER_APPICON_NAME = AppIcon;
				ASSETCATALOG_COMPILER_GLOBAL_ACCENT_COLOR_NAME = AccentColor;
				CODE_SIGN_STYLE = Automatic;
				CURRENT_PROJECT_VERSION = 1;
				DEVELOPMENT_TEAM = 2ZG6287PXY;
				GENERATE_INFOPLIST_FILE = YES;
				INFOPLIST_FILE = LegheFantaChallenge/Info.plist;
				INFOPLIST_KEY_CFBundleDisplayName = LegheFantaChallenge;
				INFOPLIST_KEY_UIApplicationSupportsIndirectInputEvents = YES;
				INFOPLIST_KEY_UILaunchStoryboardName = /App/LaunchScreen;
				INFOPLIST_KEY_UISupportedInterfaceOrientations = UIInterfaceOrientationPortrait;
				INFOPLIST_KEY_UISupportedInterfaceOrientations_iPad = "UIInterfaceOrientationLandscapeLeft UIInterfaceOrientationLandscapeRight UIInterfaceOrientationPortrait UIInterfaceOrientationPortraitUpsideDown";
				IPHONEOS_DEPLOYMENT_TARGET = 14.0;
				LD_RUNPATH_SEARCH_PATHS = (
					"$(inherited)",
					"@executable_path/Frameworks",
				);
				MARKETING_VERSION = 1.0;
				PRODUCT_BUNDLE_IDENTIFIER = com.Challenge.LegheFantaChallenge;
				PRODUCT_NAME = "$(TARGET_NAME)";
				SUPPORTED_PLATFORMS = "iphoneos iphonesimulator";
				SUPPORTS_MACCATALYST = NO;
				SUPPORTS_MAC_DESIGNED_FOR_IPHONE_IPAD = NO;
				SWIFT_EMIT_LOC_STRINGS = YES;
				SWIFT_VERSION = 5.0;
				TARGETED_DEVICE_FAMILY = 1;
			};
			name = Release;
		};
/* End XCBuildConfiguration section */

/* Begin XCConfigurationList section */
		FA8F19782AD85C4000004C60 /* Build configuration list for PBXProject "LegheFantaChallenge" */ = {
			isa = XCConfigurationList;
			buildConfigurations = (
				FA8F198F2AD85C4200004C60 /* Debug */,
				FA8F19902AD85C4200004C60 /* Release */,
			);
			defaultConfigurationIsVisible = 0;
			defaultConfigurationName = Release;
		};
		FA8F19912AD85C4200004C60 /* Build configuration list for PBXNativeTarget "LegheFantaChallenge" */ = {
			isa = XCConfigurationList;
			buildConfigurations = (
				FA8F19922AD85C4200004C60 /* Debug */,
				FA8F19932AD85C4200004C60 /* Release */,
			);
			defaultConfigurationIsVisible = 0;
			defaultConfigurationName = Release;
		};
/* End XCConfigurationList section */
	};
	rootObject = FA8F19752AD85C4000004C60 /* Project object */;
}
